// !$*UTF8*$!
{
	archiveVersion = 1;
	classes = {
	};
	objectVersion = 56;
	objects = {

/* Begin PBXBuildFile section */
		CA8632722A724A9C0081386F /* WidgetJsonDataReader.swift in Sources */ = {isa = PBXBuildFile; fileRef = CA8632712A724A9C0081386F /* WidgetJsonDataReader.swift */; };
		CADFEB9C2A76E9A900C5F6FF /* Localizable.strings in Resources */ = {isa = PBXBuildFile; fileRef = CADFEB9E2A76E9A900C5F6FF /* Localizable.strings */; };
		CAE7E6E12A6C866200306433 /* NativeCompanionApp.swift in Sources */ = {isa = PBXBuildFile; fileRef = CAE7E6E02A6C866200306433 /* NativeCompanionApp.swift */; };
		CAE7E6E32A6C866200306433 /* ContentView.swift in Sources */ = {isa = PBXBuildFile; fileRef = CAE7E6E22A6C866200306433 /* ContentView.swift */; };
		CAE7E6E52A6C866300306433 /* Assets.xcassets in Resources */ = {isa = PBXBuildFile; fileRef = CAE7E6E42A6C866300306433 /* Assets.xcassets */; };
		CAE7E6E82A6C866300306433 /* Preview Assets.xcassets in Resources */ = {isa = PBXBuildFile; fileRef = CAE7E6E72A6C866300306433 /* Preview Assets.xcassets */; };
		CAE7E6F52A6C86E200306433 /* WidgetKit.framework in Frameworks */ = {isa = PBXBuildFile; fileRef = CAE7E6F42A6C86E200306433 /* WidgetKit.framework */; };
		CAE7E6F72A6C86E200306433 /* SwiftUI.framework in Frameworks */ = {isa = PBXBuildFile; fileRef = CAE7E6F62A6C86E200306433 /* SwiftUI.framework */; };
		CAE7E6FA2A6C86E200306433 /* NativeWidgetBundle.swift in Sources */ = {isa = PBXBuildFile; fileRef = CAE7E6F92A6C86E200306433 /* NativeWidgetBundle.swift */; };
		CAE7E6FC2A6C86E200306433 /* AttendanceWidget.swift in Sources */ = {isa = PBXBuildFile; fileRef = CAE7E6FB2A6C86E200306433 /* AttendanceWidget.swift */; };
		CAE7E6FE2A6C86E400306433 /* Assets.xcassets in Resources */ = {isa = PBXBuildFile; fileRef = CAE7E6FD2A6C86E400306433 /* Assets.xcassets */; };
		CAE7E7022A6C86E400306433 /* NativeWidgetExtension.appex in Embed Foundation Extensions */ = {isa = PBXBuildFile; fileRef = CAE7E6F22A6C86E200306433 /* NativeWidgetExtension.appex */; settings = {ATTRIBUTES = (RemoveHeadersOnCopy, ); }; };
		CAE7E7212A6DAC7E00306433 /* TimetableWidget.swift in Sources */ = {isa = PBXBuildFile; fileRef = CAE7E7202A6DAC7D00306433 /* TimetableWidget.swift */; };
/* End PBXBuildFile section */

/* Begin PBXContainerItemProxy section */
		CAE7E7002A6C86E400306433 /* PBXContainerItemProxy */ = {
			isa = PBXContainerItemProxy;
			containerPortal = CAE7E6D52A6C866200306433 /* Project object */;
			proxyType = 1;
			remoteGlobalIDString = CAE7E6F12A6C86E200306433;
			remoteInfo = NativeWidgetExtension;
		};
/* End PBXContainerItemProxy section */

/* Begin PBXCopyFilesBuildPhase section */
		CAE7E7062A6C86E400306433 /* Embed Foundation Extensions */ = {
			isa = PBXCopyFilesBuildPhase;
			buildActionMask = 2147483647;
			dstPath = "";
			dstSubfolderSpec = 13;
			files = (
				CAE7E7022A6C86E400306433 /* NativeWidgetExtension.appex in Embed Foundation Extensions */,
			);
			name = "Embed Foundation Extensions";
			runOnlyForDeploymentPostprocessing = 0;
		};
/* End PBXCopyFilesBuildPhase section */

/* Begin PBXFileReference section */
		CA8632712A724A9C0081386F /* WidgetJsonDataReader.swift */ = {isa = PBXFileReference; lastKnownFileType = sourcecode.swift; path = WidgetJsonDataReader.swift; sourceTree = "<group>"; };
		CA9E5C052A78260400B992F3 /* NativeCompanion.entitlements */ = {isa = PBXFileReference; lastKnownFileType = text.plist.entitlements; path = NativeCompanion.entitlements; sourceTree = "<group>"; };
		CADFEB9D2A76E9A900C5F6FF /* en */ = {isa = PBXFileReference; lastKnownFileType = text.plist.strings; name = en; path = en.lproj/Localizable.strings; sourceTree = "<group>"; };
		CADFEB9F2A76E9AC00C5F6FF /* pl */ = {isa = PBXFileReference; lastKnownFileType = text.plist.strings; name = pl; path = pl.lproj/Localizable.strings; sourceTree = "<group>"; };
		CAE7E6DD2A6C866200306433 /* NativeCompanion.app */ = {isa = PBXFileReference; explicitFileType = wrapper.application; includeInIndex = 0; path = NativeCompanion.app; sourceTree = BUILT_PRODUCTS_DIR; };
		CAE7E6E02A6C866200306433 /* NativeCompanionApp.swift */ = {isa = PBXFileReference; lastKnownFileType = sourcecode.swift; path = NativeCompanionApp.swift; sourceTree = "<group>"; };
		CAE7E6E22A6C866200306433 /* ContentView.swift */ = {isa = PBXFileReference; lastKnownFileType = sourcecode.swift; path = ContentView.swift; sourceTree = "<group>"; };
		CAE7E6E42A6C866300306433 /* Assets.xcassets */ = {isa = PBXFileReference; lastKnownFileType = folder.assetcatalog; path = Assets.xcassets; sourceTree = "<group>"; };
		CAE7E6E72A6C866300306433 /* Preview Assets.xcassets */ = {isa = PBXFileReference; lastKnownFileType = folder.assetcatalog; path = "Preview Assets.xcassets"; sourceTree = "<group>"; };
		CAE7E6F22A6C86E200306433 /* NativeWidgetExtension.appex */ = {isa = PBXFileReference; explicitFileType = "wrapper.app-extension"; includeInIndex = 0; path = NativeWidgetExtension.appex; sourceTree = BUILT_PRODUCTS_DIR; };
		CAE7E6F42A6C86E200306433 /* WidgetKit.framework */ = {isa = PBXFileReference; lastKnownFileType = wrapper.framework; name = WidgetKit.framework; path = System/Library/Frameworks/WidgetKit.framework; sourceTree = SDKROOT; };
		CAE7E6F62A6C86E200306433 /* SwiftUI.framework */ = {isa = PBXFileReference; lastKnownFileType = wrapper.framework; name = SwiftUI.framework; path = System/Library/Frameworks/SwiftUI.framework; sourceTree = SDKROOT; };
		CAE7E6F92A6C86E200306433 /* NativeWidgetBundle.swift */ = {isa = PBXFileReference; lastKnownFileType = sourcecode.swift; path = NativeWidgetBundle.swift; sourceTree = "<group>"; };
		CAE7E6FB2A6C86E200306433 /* AttendanceWidget.swift */ = {isa = PBXFileReference; lastKnownFileType = sourcecode.swift; path = AttendanceWidget.swift; sourceTree = "<group>"; };
		CAE7E6FD2A6C86E400306433 /* Assets.xcassets */ = {isa = PBXFileReference; lastKnownFileType = folder.assetcatalog; path = Assets.xcassets; sourceTree = "<group>"; };
		CAE7E6FF2A6C86E400306433 /* Info.plist */ = {isa = PBXFileReference; lastKnownFileType = text.plist.xml; path = Info.plist; sourceTree = "<group>"; };
		CAE7E7072A6C86F300306433 /* NativeWidgetExtension.entitlements */ = {isa = PBXFileReference; lastKnownFileType = text.plist.entitlements; path = NativeWidgetExtension.entitlements; sourceTree = "<group>"; };
		CAE7E7202A6DAC7D00306433 /* TimetableWidget.swift */ = {isa = PBXFileReference; lastKnownFileType = sourcecode.swift; path = TimetableWidget.swift; sourceTree = "<group>"; };
/* End PBXFileReference section */

/* Begin PBXFrameworksBuildPhase section */
		CAE7E6DA2A6C866200306433 /* Frameworks */ = {
			isa = PBXFrameworksBuildPhase;
			buildActionMask = 2147483647;
			files = (
			);
			runOnlyForDeploymentPostprocessing = 0;
		};
		CAE7E6EF2A6C86E200306433 /* Frameworks */ = {
			isa = PBXFrameworksBuildPhase;
			buildActionMask = 2147483647;
			files = (
				CAE7E6F72A6C86E200306433 /* SwiftUI.framework in Frameworks */,
				CAE7E6F52A6C86E200306433 /* WidgetKit.framework in Frameworks */,
			);
			runOnlyForDeploymentPostprocessing = 0;
		};
/* End PBXFrameworksBuildPhase section */

/* Begin PBXGroup section */
		CAE7E6D42A6C866200306433 = {
			isa = PBXGroup;
			children = (
				CAE7E7072A6C86F300306433 /* NativeWidgetExtension.entitlements */,
				CAE7E6DF2A6C866200306433 /* NativeCompanion */,
				CAE7E6F82A6C86E200306433 /* NativeWidget */,
				CAE7E6F32A6C86E200306433 /* Frameworks */,
				CAE7E6DE2A6C866200306433 /* Products */,
			);
			sourceTree = "<group>";
		};
		CAE7E6DE2A6C866200306433 /* Products */ = {
			isa = PBXGroup;
			children = (
				CAE7E6DD2A6C866200306433 /* NativeCompanion.app */,
				CAE7E6F22A6C86E200306433 /* NativeWidgetExtension.appex */,
			);
			name = Products;
			sourceTree = "<group>";
		};
		CAE7E6DF2A6C866200306433 /* NativeCompanion */ = {
			isa = PBXGroup;
			children = (
				CA9E5C052A78260400B992F3 /* NativeCompanion.entitlements */,
				CAE7E6E02A6C866200306433 /* NativeCompanionApp.swift */,
				CAE7E6E22A6C866200306433 /* ContentView.swift */,
				CAE7E6E42A6C866300306433 /* Assets.xcassets */,
				CAE7E6E62A6C866300306433 /* Preview Content */,
			);
			path = NativeCompanion;
			sourceTree = "<group>";
		};
		CAE7E6E62A6C866300306433 /* Preview Content */ = {
			isa = PBXGroup;
			children = (
				CAE7E6E72A6C866300306433 /* Preview Assets.xcassets */,
			);
			path = "Preview Content";
			sourceTree = "<group>";
		};
		CAE7E6F32A6C86E200306433 /* Frameworks */ = {
			isa = PBXGroup;
			children = (
				CAE7E6F42A6C86E200306433 /* WidgetKit.framework */,
				CAE7E6F62A6C86E200306433 /* SwiftUI.framework */,
			);
			name = Frameworks;
			sourceTree = "<group>";
		};
		CAE7E6F82A6C86E200306433 /* NativeWidget */ = {
			isa = PBXGroup;
			children = (
				CAE7E6F92A6C86E200306433 /* NativeWidgetBundle.swift */,
				CAE7E6FB2A6C86E200306433 /* AttendanceWidget.swift */,
				CAE7E6FD2A6C86E400306433 /* Assets.xcassets */,
				CAE7E6FF2A6C86E400306433 /* Info.plist */,
				CAE7E7202A6DAC7D00306433 /* TimetableWidget.swift */,
				CA8632712A724A9C0081386F /* WidgetJsonDataReader.swift */,
				CADFEB9E2A76E9A900C5F6FF /* Localizable.strings */,
			);
			path = NativeWidget;
			sourceTree = "<group>";
		};
/* End PBXGroup section */

/* Begin PBXNativeTarget section */
		CAE7E6DC2A6C866200306433 /* NativeCompanion */ = {
			isa = PBXNativeTarget;
			buildConfigurationList = CAE7E6EB2A6C866300306433 /* Build configuration list for PBXNativeTarget "NativeCompanion" */;
			buildPhases = (
				CAE7E6D92A6C866200306433 /* Sources */,
				CAE7E6DA2A6C866200306433 /* Frameworks */,
				CAE7E6DB2A6C866200306433 /* Resources */,
				CAE7E7062A6C86E400306433 /* Embed Foundation Extensions */,
			);
			buildRules = (
			);
			dependencies = (
				CAE7E7012A6C86E400306433 /* PBXTargetDependency */,
			);
			name = NativeCompanion;
			productName = NativeCompanion;
			productReference = CAE7E6DD2A6C866200306433 /* NativeCompanion.app */;
			productType = "com.apple.product-type.application";
		};
		CAE7E6F12A6C86E200306433 /* NativeWidgetExtension */ = {
			isa = PBXNativeTarget;
			buildConfigurationList = CAE7E7032A6C86E400306433 /* Build configuration list for PBXNativeTarget "NativeWidgetExtension" */;
			buildPhases = (
				CAE7E6EE2A6C86E200306433 /* Sources */,
				CAE7E6EF2A6C86E200306433 /* Frameworks */,
				CAE7E6F02A6C86E200306433 /* Resources */,
			);
			buildRules = (
			);
			dependencies = (
			);
			name = NativeWidgetExtension;
			productName = NativeWidgetExtension;
			productReference = CAE7E6F22A6C86E200306433 /* NativeWidgetExtension.appex */;
			productType = "com.apple.product-type.app-extension";
		};
/* End PBXNativeTarget section */

/* Begin PBXProject section */
		CAE7E6D52A6C866200306433 /* Project object */ = {
			isa = PBXProject;
			attributes = {
				BuildIndependentTargetsInParallel = 1;
				LastSwiftUpdateCheck = 1430;
				LastUpgradeCheck = 1430;
				TargetAttributes = {
					CAE7E6DC2A6C866200306433 = {
						CreatedOnToolsVersion = 14.3.1;
					};
					CAE7E6F12A6C86E200306433 = {
						CreatedOnToolsVersion = 14.3.1;
					};
				};
			};
			buildConfigurationList = CAE7E6D82A6C866200306433 /* Build configuration list for PBXProject "NativeCompanion" */;
			compatibilityVersion = "Xcode 14.0";
			developmentRegion = en;
			hasScannedForEncodings = 0;
			knownRegions = (
				en,
				Base,
				pl,
			);
			mainGroup = CAE7E6D42A6C866200306433;
			productRefGroup = CAE7E6DE2A6C866200306433 /* Products */;
			projectDirPath = "";
			projectRoot = "";
			targets = (
				CAE7E6DC2A6C866200306433 /* NativeCompanion */,
				CAE7E6F12A6C86E200306433 /* NativeWidgetExtension */,
			);
		};
/* End PBXProject section */

/* Begin PBXResourcesBuildPhase section */
		CAE7E6DB2A6C866200306433 /* Resources */ = {
			isa = PBXResourcesBuildPhase;
			buildActionMask = 2147483647;
			files = (
				CAE7E6E82A6C866300306433 /* Preview Assets.xcassets in Resources */,
				CAE7E6E52A6C866300306433 /* Assets.xcassets in Resources */,
			);
			runOnlyForDeploymentPostprocessing = 0;
		};
		CAE7E6F02A6C86E200306433 /* Resources */ = {
			isa = PBXResourcesBuildPhase;
			buildActionMask = 2147483647;
			files = (
				CAE7E6FE2A6C86E400306433 /* Assets.xcassets in Resources */,
				CADFEB9C2A76E9A900C5F6FF /* Localizable.strings in Resources */,
			);
			runOnlyForDeploymentPostprocessing = 0;
		};
/* End PBXResourcesBuildPhase section */

/* Begin PBXSourcesBuildPhase section */
		CAE7E6D92A6C866200306433 /* Sources */ = {
			isa = PBXSourcesBuildPhase;
			buildActionMask = 2147483647;
			files = (
				CAE7E6E32A6C866200306433 /* ContentView.swift in Sources */,
				CAE7E6E12A6C866200306433 /* NativeCompanionApp.swift in Sources */,
			);
			runOnlyForDeploymentPostprocessing = 0;
		};
		CAE7E6EE2A6C86E200306433 /* Sources */ = {
			isa = PBXSourcesBuildPhase;
			buildActionMask = 2147483647;
			files = (
				CAE7E6FC2A6C86E200306433 /* AttendanceWidget.swift in Sources */,
				CAE7E6FA2A6C86E200306433 /* NativeWidgetBundle.swift in Sources */,
				CA8632722A724A9C0081386F /* WidgetJsonDataReader.swift in Sources */,
				CAE7E7212A6DAC7E00306433 /* TimetableWidget.swift in Sources */,
			);
			runOnlyForDeploymentPostprocessing = 0;
		};
/* End PBXSourcesBuildPhase section */

/* Begin PBXTargetDependency section */
		CAE7E7012A6C86E400306433 /* PBXTargetDependency */ = {
			isa = PBXTargetDependency;
			target = CAE7E6F12A6C86E200306433 /* NativeWidgetExtension */;
			targetProxy = CAE7E7002A6C86E400306433 /* PBXContainerItemProxy */;
		};
/* End PBXTargetDependency section */

/* Begin PBXVariantGroup section */
		CADFEB9E2A76E9A900C5F6FF /* Localizable.strings */ = {
			isa = PBXVariantGroup;
			children = (
				CADFEB9D2A76E9A900C5F6FF /* en */,
				CADFEB9F2A76E9AC00C5F6FF /* pl */,
			);
			name = Localizable.strings;
			sourceTree = "<group>";
		};
/* End PBXVariantGroup section */

/* Begin XCBuildConfiguration section */
		CAE7E6E92A6C866300306433 /* Debug */ = {
			isa = XCBuildConfiguration;
			buildSettings = {
				ALWAYS_SEARCH_USER_PATHS = NO;
				CLANG_ANALYZER_NONNULL = YES;
				CLANG_ANALYZER_NUMBER_OBJECT_CONVERSION = YES_AGGRESSIVE;
				CLANG_CXX_LANGUAGE_STANDARD = "gnu++20";
				CLANG_ENABLE_MODULES = YES;
				CLANG_ENABLE_OBJC_ARC = YES;
				CLANG_ENABLE_OBJC_WEAK = YES;
				CLANG_WARN_BLOCK_CAPTURE_AUTORELEASING = YES;
				CLANG_WARN_BOOL_CONVERSION = YES;
				CLANG_WARN_COMMA = YES;
				CLANG_WARN_CONSTANT_CONVERSION = YES;
				CLANG_WARN_DEPRECATED_OBJC_IMPLEMENTATIONS = YES;
				CLANG_WARN_DIRECT_OBJC_ISA_USAGE = YES_ERROR;
				CLANG_WARN_DOCUMENTATION_COMMENTS = YES;
				CLANG_WARN_EMPTY_BODY = YES;
				CLANG_WARN_ENUM_CONVERSION = YES;
				CLANG_WARN_INFINITE_RECURSION = YES;
				CLANG_WARN_INT_CONVERSION = YES;
				CLANG_WARN_NON_LITERAL_NULL_CONVERSION = YES;
				CLANG_WARN_OBJC_IMPLICIT_RETAIN_SELF = YES;
				CLANG_WARN_OBJC_LITERAL_CONVERSION = YES;
				CLANG_WARN_OBJC_ROOT_CLASS = YES_ERROR;
				CLANG_WARN_QUOTED_INCLUDE_IN_FRAMEWORK_HEADER = YES;
				CLANG_WARN_RANGE_LOOP_ANALYSIS = YES;
				CLANG_WARN_STRICT_PROTOTYPES = YES;
				CLANG_WARN_SUSPICIOUS_MOVE = YES;
				CLANG_WARN_UNGUARDED_AVAILABILITY = YES_AGGRESSIVE;
				CLANG_WARN_UNREACHABLE_CODE = YES;
				CLANG_WARN__DUPLICATE_METHOD_MATCH = YES;
				COPY_PHASE_STRIP = NO;
				DEBUG_INFORMATION_FORMAT = dwarf;
				ENABLE_STRICT_OBJC_MSGSEND = YES;
				ENABLE_TESTABILITY = YES;
				GCC_C_LANGUAGE_STANDARD = gnu11;
				GCC_DYNAMIC_NO_PIC = NO;
				GCC_NO_COMMON_BLOCKS = YES;
				GCC_OPTIMIZATION_LEVEL = 0;
				GCC_PREPROCESSOR_DEFINITIONS = (
					"DEBUG=1",
					"$(inherited)",
				);
				GCC_WARN_64_TO_32_BIT_CONVERSION = YES;
				GCC_WARN_ABOUT_RETURN_TYPE = YES_ERROR;
				GCC_WARN_UNDECLARED_SELECTOR = YES;
				GCC_WARN_UNINITIALIZED_AUTOS = YES_AGGRESSIVE;
				GCC_WARN_UNUSED_FUNCTION = YES;
				GCC_WARN_UNUSED_VARIABLE = YES;
				IPHONEOS_DEPLOYMENT_TARGET = 15.0;
				MTL_ENABLE_DEBUG_INFO = INCLUDE_SOURCE;
				MTL_FAST_MATH = YES;
				ONLY_ACTIVE_ARCH = YES;
				SDKROOT = iphoneos;
				SWIFT_ACTIVE_COMPILATION_CONDITIONS = DEBUG;
				SWIFT_OPTIMIZATION_LEVEL = "-Onone";
			};
			name = Debug;
		};
		CAE7E6EA2A6C866300306433 /* Release */ = {
			isa = XCBuildConfiguration;
			buildSettings = {
				ALWAYS_SEARCH_USER_PATHS = NO;
				CLANG_ANALYZER_NONNULL = YES;
				CLANG_ANALYZER_NUMBER_OBJECT_CONVERSION = YES_AGGRESSIVE;
				CLANG_CXX_LANGUAGE_STANDARD = "gnu++20";
				CLANG_ENABLE_MODULES = YES;
				CLANG_ENABLE_OBJC_ARC = YES;
				CLANG_ENABLE_OBJC_WEAK = YES;
				CLANG_WARN_BLOCK_CAPTURE_AUTORELEASING = YES;
				CLANG_WARN_BOOL_CONVERSION = YES;
				CLANG_WARN_COMMA = YES;
				CLANG_WARN_CONSTANT_CONVERSION = YES;
				CLANG_WARN_DEPRECATED_OBJC_IMPLEMENTATIONS = YES;
				CLANG_WARN_DIRECT_OBJC_ISA_USAGE = YES_ERROR;
				CLANG_WARN_DOCUMENTATION_COMMENTS = YES;
				CLANG_WARN_EMPTY_BODY = YES;
				CLANG_WARN_ENUM_CONVERSION = YES;
				CLANG_WARN_INFINITE_RECURSION = YES;
				CLANG_WARN_INT_CONVERSION = YES;
				CLANG_WARN_NON_LITERAL_NULL_CONVERSION = YES;
				CLANG_WARN_OBJC_IMPLICIT_RETAIN_SELF = YES;
				CLANG_WARN_OBJC_LITERAL_CONVERSION = YES;
				CLANG_WARN_OBJC_ROOT_CLASS = YES_ERROR;
				CLANG_WARN_QUOTED_INCLUDE_IN_FRAMEWORK_HEADER = YES;
				CLANG_WARN_RANGE_LOOP_ANALYSIS = YES;
				CLANG_WARN_STRICT_PROTOTYPES = YES;
				CLANG_WARN_SUSPICIOUS_MOVE = YES;
				CLANG_WARN_UNGUARDED_AVAILABILITY = YES_AGGRESSIVE;
				CLANG_WARN_UNREACHABLE_CODE = YES;
				CLANG_WARN__DUPLICATE_METHOD_MATCH = YES;
				COPY_PHASE_STRIP = NO;
				DEBUG_INFORMATION_FORMAT = "dwarf-with-dsym";
				ENABLE_NS_ASSERTIONS = NO;
				ENABLE_STRICT_OBJC_MSGSEND = YES;
				GCC_C_LANGUAGE_STANDARD = gnu11;
				GCC_NO_COMMON_BLOCKS = YES;
				GCC_WARN_64_TO_32_BIT_CONVERSION = YES;
				GCC_WARN_ABOUT_RETURN_TYPE = YES_ERROR;
				GCC_WARN_UNDECLARED_SELECTOR = YES;
				GCC_WARN_UNINITIALIZED_AUTOS = YES_AGGRESSIVE;
				GCC_WARN_UNUSED_FUNCTION = YES;
				GCC_WARN_UNUSED_VARIABLE = YES;
				IPHONEOS_DEPLOYMENT_TARGET = 15.0;
				MTL_ENABLE_DEBUG_INFO = NO;
				MTL_FAST_MATH = YES;
				SDKROOT = iphoneos;
				SWIFT_COMPILATION_MODE = wholemodule;
				SWIFT_OPTIMIZATION_LEVEL = "-O";
				VALIDATE_PRODUCT = YES;
			};
			name = Release;
		};
		CAE7E6EC2A6C866300306433 /* Debug */ = {
			isa = XCBuildConfiguration;
			buildSettings = {
				ALWAYS_EMBED_SWIFT_STANDARD_LIBRARIES = YES;
				ASSETCATALOG_COMPILER_APPICON_NAME = AppIcon;
				ASSETCATALOG_COMPILER_GLOBAL_ACCENT_COLOR_NAME = AccentColor;
				CODE_SIGN_ENTITLEMENTS = NativeCompanion/NativeCompanion.entitlements;
				CODE_SIGN_IDENTITY = "Apple Development";
				CODE_SIGN_STYLE = Automatic;
				CURRENT_PROJECT_VERSION = 1;
				DEVELOPMENT_ASSET_PATHS = "\"NativeCompanion/Preview Content\"";
				DEVELOPMENT_TEAM = 67VT38S5HC;
				ENABLE_PREVIEWS = YES;
				GENERATE_INFOPLIST_FILE = YES;
				INFOPLIST_KEY_UIApplicationSceneManifest_Generation = YES;
				INFOPLIST_KEY_UIApplicationSupportsIndirectInputEvents = YES;
				INFOPLIST_KEY_UILaunchScreen_Generation = YES;
				INFOPLIST_KEY_UISupportedInterfaceOrientations_iPad = "UIInterfaceOrientationPortrait UIInterfaceOrientationPortraitUpsideDown UIInterfaceOrientationLandscapeLeft UIInterfaceOrientationLandscapeRight";
				INFOPLIST_KEY_UISupportedInterfaceOrientations_iPhone = "UIInterfaceOrientationPortrait UIInterfaceOrientationLandscapeLeft UIInterfaceOrientationLandscapeRight";
				IPHONEOS_DEPLOYMENT_TARGET = 15.0;
				LD_RUNPATH_SEARCH_PATHS = (
					"$(inherited)",
					"@executable_path/Frameworks",
				);
				MARKETING_VERSION = 0.1.3;
				PRODUCT_BUNDLE_IDENTIFIER = "io.github.vulcanova.NativeCompanion-app";
				PRODUCT_NAME = "$(TARGET_NAME)";
				PROVISIONING_PROFILE_SPECIFIER = "";
				SWIFT_EMIT_LOC_STRINGS = YES;
				SWIFT_VERSION = 5.0;
				TARGETED_DEVICE_FAMILY = "1,2";
			};
			name = Debug;
		};
		CAE7E6ED2A6C866300306433 /* Release */ = {
			isa = XCBuildConfiguration;
			buildSettings = {
				ALWAYS_EMBED_SWIFT_STANDARD_LIBRARIES = YES;
				ASSETCATALOG_COMPILER_APPICON_NAME = AppIcon;
				ASSETCATALOG_COMPILER_GLOBAL_ACCENT_COLOR_NAME = AccentColor;
				CODE_SIGN_IDENTITY = "Apple Development";
				CODE_SIGN_STYLE = Automatic;
				CURRENT_PROJECT_VERSION = 1;
				DEVELOPMENT_ASSET_PATHS = "\"NativeCompanion/Preview Content\"";
				DEVELOPMENT_TEAM = 67VT38S5HC;
				ENABLE_PREVIEWS = YES;
				GENERATE_INFOPLIST_FILE = YES;
				INFOPLIST_KEY_UIApplicationSceneManifest_Generation = YES;
				INFOPLIST_KEY_UIApplicationSupportsIndirectInputEvents = YES;
				INFOPLIST_KEY_UILaunchScreen_Generation = YES;
				INFOPLIST_KEY_UISupportedInterfaceOrientations_iPad = "UIInterfaceOrientationPortrait UIInterfaceOrientationPortraitUpsideDown UIInterfaceOrientationLandscapeLeft UIInterfaceOrientationLandscapeRight";
				INFOPLIST_KEY_UISupportedInterfaceOrientations_iPhone = "UIInterfaceOrientationPortrait UIInterfaceOrientationLandscapeLeft UIInterfaceOrientationLandscapeRight";
				IPHONEOS_DEPLOYMENT_TARGET = 15.0;
				LD_RUNPATH_SEARCH_PATHS = (
					"$(inherited)",
					"@executable_path/Frameworks",
				);
				MARKETING_VERSION = 0.1.3;
				PRODUCT_BUNDLE_IDENTIFIER = io.github.vulcanova;
				PRODUCT_NAME = "$(TARGET_NAME)";
				PROVISIONING_PROFILE_SPECIFIER = "";
				SWIFT_EMIT_LOC_STRINGS = YES;
				SWIFT_VERSION = 5.0;
				TARGETED_DEVICE_FAMILY = "1,2";
			};
			name = Release;
		};
		CAE7E7042A6C86E400306433 /* Debug */ = {
			isa = XCBuildConfiguration;
			buildSettings = {
				ASSETCATALOG_COMPILER_GLOBAL_ACCENT_COLOR_NAME = AccentColor;
				ASSETCATALOG_COMPILER_WIDGET_BACKGROUND_COLOR_NAME = WidgetBackground;
				CODE_SIGN_ENTITLEMENTS = NativeWidgetExtension.entitlements;
				CODE_SIGN_IDENTITY = "Apple Development";
				CODE_SIGN_STYLE = Automatic;
				CURRENT_PROJECT_VERSION = 1;
				DEVELOPMENT_TEAM = 67VT38S5HC;
				GENERATE_INFOPLIST_FILE = YES;
				INFOPLIST_FILE = NativeWidget/Info.plist;
				INFOPLIST_KEY_CFBundleDisplayName = NativeWidget;
				INFOPLIST_KEY_NSHumanReadableCopyright = "";
				LD_RUNPATH_SEARCH_PATHS = (
					"$(inherited)",
					"@executable_path/Frameworks",
					"@executable_path/../../Frameworks",
				);
				MARKETING_VERSION = 0.1.3;
				PRODUCT_BUNDLE_IDENTIFIER = "io.github.vulcanova.NativeCompanion-app.NativeWidget";
				PRODUCT_NAME = "$(TARGET_NAME)";
				PROVISIONING_PROFILE_SPECIFIER = "";
				SKIP_INSTALL = YES;
				SWIFT_EMIT_LOC_STRINGS = YES;
				SWIFT_VERSION = 5.0;
				TARGETED_DEVICE_FAMILY = "1,2";
			};
			name = Debug;
		};
		CAE7E7052A6C86E400306433 /* Release */ = {
			isa = XCBuildConfiguration;
			buildSettings = {
				ASSETCATALOG_COMPILER_GLOBAL_ACCENT_COLOR_NAME = AccentColor;
				ASSETCATALOG_COMPILER_WIDGET_BACKGROUND_COLOR_NAME = WidgetBackground;
				CODE_SIGN_ENTITLEMENTS = NativeWidgetExtension.entitlements;
				CODE_SIGN_STYLE = Automatic;
				CURRENT_PROJECT_VERSION = 1;
				DEVELOPMENT_TEAM = 67VT38S5HC;
				GENERATE_INFOPLIST_FILE = YES;
				INFOPLIST_FILE = NativeWidget/Info.plist;
				INFOPLIST_KEY_CFBundleDisplayName = NativeWidget;
				INFOPLIST_KEY_NSHumanReadableCopyright = "";
				LD_RUNPATH_SEARCH_PATHS = (
					"$(inherited)",
					"@executable_path/Frameworks",
					"@executable_path/../../Frameworks",
				);
				MARKETING_VERSION = 0.1.3;
				PRODUCT_BUNDLE_IDENTIFIER = io.github.vulcanova.NativeWidget;
				PRODUCT_NAME = "$(TARGET_NAME)";
				PROVISIONING_PROFILE_SPECIFIER = "";
				SKIP_INSTALL = YES;
				SWIFT_EMIT_LOC_STRINGS = YES;
				SWIFT_VERSION = 5.0;
				TARGETED_DEVICE_FAMILY = "1,2";
			};
			name = Release;
		};
/* End XCBuildConfiguration section */

/* Begin XCConfigurationList section */
		CAE7E6D82A6C866200306433 /* Build configuration list for PBXProject "NativeCompanion" */ = {
			isa = XCConfigurationList;
			buildConfigurations = (
				CAE7E6E92A6C866300306433 /* Debug */,
				CAE7E6EA2A6C866300306433 /* Release */,
			);
			defaultConfigurationIsVisible = 0;
			defaultConfigurationName = Release;
		};
		CAE7E6EB2A6C866300306433 /* Build configuration list for PBXNativeTarget "NativeCompanion" */ = {
			isa = XCConfigurationList;
			buildConfigurations = (
				CAE7E6EC2A6C866300306433 /* Debug */,
				CAE7E6ED2A6C866300306433 /* Release */,
			);
			defaultConfigurationIsVisible = 0;
			defaultConfigurationName = Release;
		};
		CAE7E7032A6C86E400306433 /* Build configuration list for PBXNativeTarget "NativeWidgetExtension" */ = {
			isa = XCConfigurationList;
			buildConfigurations = (
				CAE7E7042A6C86E400306433 /* Debug */,
				CAE7E7052A6C86E400306433 /* Release */,
			);
			defaultConfigurationIsVisible = 0;
			defaultConfigurationName = Release;
		};
/* End XCConfigurationList section */
	};
	rootObject = CAE7E6D52A6C866200306433 /* Project object */;
}
